
Microsoft Visual Studio Solution File, Format Version 12.00
# Visual Studio Version 16
VisualStudioVersion = 16.0.30907.101
MinimumVisualStudioVersion = 10.0.40219.1
Project("{FAE04EC0-301F-11D3-BF4B-00C04F79EFBC}") = "ASP-Razor-Contoso", "ASP-Razor-Contoso.csproj", "{612BA0DB-C39D-43D5-AAC2-AFE1FD65E2CE}"
EndProject
Global
	GlobalSection(SolutionConfigurationPlatforms) = preSolution
		Debug|Any CPU = Debug|Any CPU
		Release|Any CPU = Release|Any CPU
	EndGlobalSection
	GlobalSection(ProjectConfigurationPlatforms) = postSolution
		{612BA0DB-C39D-43D5-AAC2-AFE1FD65E2CE}.Debug|Any CPU.ActiveCfg = Debug|Any CPU
		{612BA0DB-C39D-43D5-AAC2-AFE1FD65E2CE}.Debug|Any CPU.Build.0 = Debug|Any CPU
		{612BA0DB-C39D-43D5-AAC2-AFE1FD65E2CE}.Release|Any CPU.ActiveCfg = Release|Any CPU
		{612BA0DB-C39D-43D5-AAC2-AFE1FD65E2CE}.Release|Any CPU.Build.0 = Release|Any CPU
	EndGlobalSection
	GlobalSection(SolutionProperties) = preSolution
		HideSolutionNode = FALSE
	EndGlobalSection
	GlobalSection(ExtensibilityGlobals) = postSolution
		SolutionGuid = {212A495E-7F80-4AEA-8DDC-17EE61C07B1C}
	EndGlobalSection
EndGlobal
